
Microsoft Visual Studio Solution File, Format Version 12.00
# Visual Studio Version 16
VisualStudioVersion = 16.0.30309.148
MinimumVisualStudioVersion = 10.0.40219.1
Project("{FAE04EC0-301F-11D3-BF4B-00C04F79EFBC}") = "MovieApp.Android", "MovieApp\MovieApp.Android\MovieApp.Android.csproj", "{D641BA26-5A40-4031-B0EB-5F16E3C0097B}"
EndProject
Project("{FAE04EC0-301F-11D3-BF4B-00C04F79EFBC}") = "MovieApp.iOS", "MovieApp\MovieApp.iOS\MovieApp.iOS.csproj", "{0C25166B-A60E-45D9-B5DF-35C55F4B9A9C}"
EndProject
Project("{9A19103F-16F7-4668-BE54-9A1E7A4F7556}") = "MovieApp", "MovieApp\MovieApp\MovieApp.csproj", "{F00A5F62-AECA-4644-A59F-C14EA876F6D0}"
EndProject
Project("{FAE04EC0-301F-11D3-BF4B-00C04F79EFBC}") = "Admin", "WindowsFormsApp1\WindowsFormsApp1\Admin.csproj", "{8FA20213-3EF5-4050-B5CF-5E401CC9267A}"
EndProject
Global
	GlobalSection(SolutionConfigurationPlatforms) = preSolution
		Debug|Any CPU = Debug|Any CPU
		Debug|iPhone = Debug|iPhone
		Debug|iPhoneSimulator = Debug|iPhoneSimulator
		Release|Any CPU = Release|Any CPU
		Release|iPhone = Release|iPhone
		Release|iPhoneSimulator = Release|iPhoneSimulator
	EndGlobalSection
	GlobalSection(ProjectConfigurationPlatforms) = postSolution
		{D641BA26-5A40-4031-B0EB-5F16E3C0097B}.Debug|Any CPU.ActiveCfg = Debug|Any CPU
		{D641BA26-5A40-4031-B0EB-5F16E3C0097B}.Debug|Any CPU.Build.0 = Debug|Any CPU
		{D641BA26-5A40-4031-B0EB-5F16E3C0097B}.Debug|Any CPU.Deploy.0 = Debug|Any CPU
		{D641BA26-5A40-4031-B0EB-5F16E3C0097B}.Debug|iPhone.ActiveCfg = Debug|Any CPU
		{D641BA26-5A40-4031-B0EB-5F16E3C0097B}.Debug|iPhone.Build.0 = Debug|Any CPU
		{D641BA26-5A40-4031-B0EB-5F16E3C0097B}.Debug|iPhone.Deploy.0 = Debug|Any CPU
		{D641BA26-5A40-4031-B0EB-5F16E3C0097B}.Debug|iPhoneSimulator.ActiveCfg = Debug|Any CPU
		{D641BA26-5A40-4031-B0EB-5F16E3C0097B}.Debug|iPhoneSimulator.Build.0 = Debug|Any CPU
		{D641BA26-5A40-4031-B0EB-5F16E3C0097B}.Debug|iPhoneSimulator.Deploy.0 = Debug|Any CPU
		{D641BA26-5A40-4031-B0EB-5F16E3C0097B}.Release|Any CPU.ActiveCfg = Release|Any CPU
		{D641BA26-5A40-4031-B0EB-5F16E3C0097B}.Release|Any CPU.Build.0 = Release|Any CPU
		{D641BA26-5A40-4031-B0EB-5F16E3C0097B}.Release|Any CPU.Deploy.0 = Release|Any CPU
		{D641BA26-5A40-4031-B0EB-5F16E3C0097B}.Release|iPhone.ActiveCfg = Release|Any CPU
		{D641BA26-5A40-4031-B0EB-5F16E3C0097B}.Release|iPhone.Build.0 = Release|Any CPU
		{D641BA26-5A40-4031-B0EB-5F16E3C0097B}.Release|iPhone.Deploy.0 = Release|Any CPU
		{D641BA26-5A40-4031-B0EB-5F16E3C0097B}.Release|iPhoneSimulator.ActiveCfg = Release|Any CPU
		{D641BA26-5A40-4031-B0EB-5F16E3C0097B}.Release|iPhoneSimulator.Build.0 = Release|Any CPU
		{D641BA26-5A40-4031-B0EB-5F16E3C0097B}.Release|iPhoneSimulator.Deploy.0 = Release|Any CPU
		{0C25166B-A60E-45D9-B5DF-35C55F4B9A9C}.Debug|Any CPU.ActiveCfg = Debug|iPhone
		{0C25166B-A60E-45D9-B5DF-35C55F4B9A9C}.Debug|Any CPU.Build.0 = Debug|iPhone
		{0C25166B-A60E-45D9-B5DF-35C55F4B9A9C}.Debug|Any CPU.Deploy.0 = Debug|iPhone
		{0C25166B-A60E-45D9-B5DF-35C55F4B9A9C}.Debug|iPhone.ActiveCfg = Debug|iPhone
		{0C25166B-A60E-45D9-B5DF-35C55F4B9A9C}.Debug|iPhone.Build.0 = Debug|iPhone
		{0C25166B-A60E-45D9-B5DF-35C55F4B9A9C}.Debug|iPhone.Deploy.0 = Debug|iPhone
		{0C25166B-A60E-45D9-B5DF-35C55F4B9A9C}.Debug|iPhoneSimulator.ActiveCfg = Debug|iPhoneSimulator
		{0C25166B-A60E-45D9-B5DF-35C55F4B9A9C}.Debug|iPhoneSimulator.Build.0 = Debug|iPhoneSimulator
		{0C25166B-A60E-45D9-B5DF-35C55F4B9A9C}.Debug|iPhoneSimulator.Deploy.0 = Debug|iPhoneSimulator
		{0C25166B-A60E-45D9-B5DF-35C55F4B9A9C}.Release|Any CPU.ActiveCfg = Release|iPhone
		{0C25166B-A60E-45D9-B5DF-35C55F4B9A9C}.Release|Any CPU.Build.0 = Release|iPhone
		{0C25166B-A60E-45D9-B5DF-35C55F4B9A9C}.Release|Any CPU.Deploy.0 = Release|iPhone
		{0C25166B-A60E-45D9-B5DF-35C55F4B9A9C}.Release|iPhone.ActiveCfg = Release|iPhone
		{0C25166B-A60E-45D9-B5DF-35C55F4B9A9C}.Release|iPhone.Build.0 = Release|iPhone
		{0C25166B-A60E-45D9-B5DF-35C55F4B9A9C}.Release|iPhone.Deploy.0 = Release|iPhone
		{0C25166B-A60E-45D9-B5DF-35C55F4B9A9C}.Release|iPhoneSimulator.ActiveCfg = Release|iPhoneSimulator
		{0C25166B-A60E-45D9-B5DF-35C55F4B9A9C}.Release|iPhoneSimulator.Build.0 = Release|iPhoneSimulator
		{0C25166B-A60E-45D9-B5DF-35C55F4B9A9C}.Release|iPhoneSimulator.Deploy.0 = Release|iPhoneSimulator
		{F00A5F62-AECA-4644-A59F-C14EA876F6D0}.Debug|Any CPU.ActiveCfg = Debug|Any CPU
		{F00A5F62-AECA-4644-A59F-C14EA876F6D0}.Debug|Any CPU.Build.0 = Debug|Any CPU
		{F00A5F62-AECA-4644-A59F-C14EA876F6D0}.Debug|Any CPU.Deploy.0 = Debug|Any CPU
		{F00A5F62-AECA-4644-A59F-C14EA876F6D0}.Debug|iPhone.ActiveCfg = Debug|Any CPU
		{F00A5F62-AECA-4644-A59F-C14EA876F6D0}.Debug|iPhone.Build.0 = Debug|Any CPU
		{F00A5F62-AECA-4644-A59F-C14EA876F6D0}.Debug|iPhone.Deploy.0 = Debug|Any CPU
		{F00A5F62-AECA-4644-A59F-C14EA876F6D0}.Debug|iPhoneSimulator.ActiveCfg = Debug|Any CPU
		{F00A5F62-AECA-4644-A59F-C14EA876F6D0}.Debug|iPhoneSimulator.Build.0 = Debug|Any CPU
		{F00A5F62-AECA-4644-A59F-C14EA876F6D0}.Debug|iPhoneSimulator.Deploy.0 = Debug|Any CPU
		{F00A5F62-AECA-4644-A59F-C14EA876F6D0}.Release|Any CPU.ActiveCfg = Release|Any CPU
		{F00A5F62-AECA-4644-A59F-C14EA876F6D0}.Release|Any CPU.Build.0 = Release|Any CPU
		{F00A5F62-AECA-4644-A59F-C14EA876F6D0}.Release|Any CPU.Deploy.0 = Release|Any CPU
		{F00A5F62-AECA-4644-A59F-C14EA876F6D0}.Release|iPhone.ActiveCfg = Release|Any CPU
		{F00A5F62-AECA-4644-A59F-C14EA876F6D0}.Release|iPhone.Build.0 = Release|Any CPU
		{F00A5F62-AECA-4644-A59F-C14EA876F6D0}.Release|iPhone.Deploy.0 = Release|Any CPU
		{F00A5F62-AECA-4644-A59F-C14EA876F6D0}.Release|iPhoneSimulator.ActiveCfg = Release|Any CPU
		{F00A5F62-AECA-4644-A59F-C14EA876F6D0}.Release|iPhoneSimulator.Build.0 = Release|Any CPU
		{F00A5F62-AECA-4644-A59F-C14EA876F6D0}.Release|iPhoneSimulator.Deploy.0 = Release|Any CPU
		{8FA20213-3EF5-4050-B5CF-5E401CC9267A}.Debug|Any CPU.ActiveCfg = Debug|Any CPU
		{8FA20213-3EF5-4050-B5CF-5E401CC9267A}.Debug|Any CPU.Build.0 = Debug|Any CPU
		{8FA20213-3EF5-4050-B5CF-5E401CC9267A}.Debug|iPhone.ActiveCfg = Debug|Any CPU
		{8FA20213-3EF5-4050-B5CF-5E401CC9267A}.Debug|iPhone.Build.0 = Debug|Any CPU
		{8FA20213-3EF5-4050-B5CF-5E401CC9267A}.Debug|iPhoneSimulator.ActiveCfg = Debug|Any CPU
		{8FA20213-3EF5-4050-B5CF-5E401CC9267A}.Debug|iPhoneSimulator.Build.0 = Debug|Any CPU
		{8FA20213-3EF5-4050-B5CF-5E401CC9267A}.Release|Any CPU.ActiveCfg = Release|Any CPU
		{8FA20213-3EF5-4050-B5CF-5E401CC9267A}.Release|Any CPU.Build.0 = Release|Any CPU
		{8FA20213-3EF5-4050-B5CF-5E401CC9267A}.Release|iPhone.ActiveCfg = Release|Any CPU
		{8FA20213-3EF5-4050-B5CF-5E401CC9267A}.Release|iPhone.Build.0 = Release|Any CPU
		{8FA20213-3EF5-4050-B5CF-5E401CC9267A}.Release|iPhoneSimulator.ActiveCfg = Release|Any CPU
		{8FA20213-3EF5-4050-B5CF-5E401CC9267A}.Release|iPhoneSimulator.Build.0 = Release|Any CPU
	EndGlobalSection
	GlobalSection(SolutionProperties) = preSolution
		HideSolutionNode = FALSE
	EndGlobalSection
	GlobalSection(ExtensibilityGlobals) = postSolution
		SolutionGuid = {DA343DD6-57CD-4C09-9E12-DC349CB40E1E}
	EndGlobalSection
EndGlobal
